# Generated by pub
# See http://pub.dartlang.org/doc/glossary.html#lockfile
packages:
  analyzer:
    description: analyzer
    source: hosted
    version: "0.13.6"
  args:
    description: args
    source: hosted
    version: "0.10.0+2"
  asset_pack:
    description:
      ref: null
      resolved-ref: "395a2df365792ce37f117d84dd111ab60373c5ab"
      url: "https://github.com/johnmccutchan/asset_pack.git"
    source: git
    version: "0.6.2"
  bot:
    description: bot
    source: hosted
    version: "0.26.2"
  browser:
    description: browser
    source: hosted
    version: "0.10.0+2"
  collection:
    description: collection
    source: hosted
    version: "0.9.1"
  crypto:
    description: crypto
    source: hosted
    version: "0.9.0"
  dartemis:
    description: dartemis
    source: hosted
    version: "0.6.0"
  dartemis_toolbox:
    description:
      path: "../dartemis_toolbox"
      relative: true
    source: path
    version: "0.6.0-dev"
  event_bus:
    description: event_bus
    source: hosted
    version: "0.2.4"
  game_loop:
    description:
      ref: davidB
      resolved-ref: "985899a1e0de19954c7e1efccce70b37e8db6247"
      url: "https://github.com/davidB/game_loop.git"
    source: git
    version: "0.9.2"
  glf:
    description:
      path: "../glf"
      relative: true
    source: path
    version: "0.2.0"
  html_toolbox:
    description:
      path: "../html_toolbox"
      relative: true
    source: path
    version: "0.3.0-dev"
  intl:
    description: intl
    source: hosted
    version: "0.9.8"
  js:
    description: js
    source: hosted
    version: "0.2.2"
  logging:
    description: logging
    source: hosted
    version: "0.9.1+1"
  matcher:
    description: matcher
    source: hosted
    version: "0.10.0"
  mock:
    description: mock
    source: hosted
    version: "0.10.0+1"
  path:
    description: path
    source: hosted
    version: "1.1.0"
  simple_audio:
    description:
      ref: null
      resolved-ref: "82b528916ceb7719be44a78a27c28f2787eaa5d2"
      url: "https://github.com/johnmccutchan/simpleaudio.git"
    source: git
    version: "0.9.0"
  stack_trace:
    description: stack_trace
    source: hosted
    version: "0.9.3+1"
  unittest:
    description: unittest
    source: hosted
    version: "0.10.1+2"
  vector_math:
    description: vector_math
    source: hosted
    version: "1.4.3"
